
Microsoft Visual Studio Solution File, Format Version 12.00
# Visual Studio 15
VisualStudioVersion = 15.0.27004.2008
MinimumVisualStudioVersion = 10.0.40219.1
Project("{FAE04EC0-301F-11D3-BF4B-00C04F79EFBC}") = "Earning.Demo", "Earning.Demo\Earning.Demo.csproj", "{44DB85AF-228F-4166-8106-054683170E59}"
EndProject
Project("{FAE04EC0-301F-11D3-BF4B-00C04F79EFBC}") = "Earning.Demo.Api", "Earning.Demo.Api\Earning.Demo.Api.csproj", "{0F26E224-D59F-4587-A20F-C2DC4D2B7EFC}"
EndProject
Project("{E53339B2-1760-4266-BCC7-CA923CBCF16C}") = "docker-compose", "docker-compose.dcproj", "{09C509E1-EC4F-438A-8FA3-C4838E16F512}"
EndProject
Project("{FAE04EC0-301F-11D3-BF4B-00C04F79EFBC}") = "Earning.Demo.Web", "Earning.Demo.Web\Earning.Demo.Web.csproj", "{0FF80265-86BD-47DE-A06B-A6D564ED0F2D}"
EndProject
Project("{FAE04EC0-301F-11D3-BF4B-00C04F79EFBC}") = "Earning.Demo.Shared", "Earning.Demo.Shared\Earning.Demo.Shared.csproj", "{179DE22C-DC55-4946-90F8-B9EC284F3CB9}"
EndProject
Global
	GlobalSection(SolutionConfigurationPlatforms) = preSolution
		Debug|Any CPU = Debug|Any CPU
		Debug|x64 = Debug|x64
		Release|Any CPU = Release|Any CPU
		Release|x64 = Release|x64
	EndGlobalSection
	GlobalSection(ProjectConfigurationPlatforms) = postSolution
		{44DB85AF-228F-4166-8106-054683170E59}.Debug|Any CPU.ActiveCfg = Debug|Any CPU
		{44DB85AF-228F-4166-8106-054683170E59}.Debug|Any CPU.Build.0 = Debug|Any CPU
		{44DB85AF-228F-4166-8106-054683170E59}.Debug|x64.ActiveCfg = Debug|Any CPU
		{44DB85AF-228F-4166-8106-054683170E59}.Debug|x64.Build.0 = Debug|Any CPU
		{44DB85AF-228F-4166-8106-054683170E59}.Release|Any CPU.ActiveCfg = Release|Any CPU
		{44DB85AF-228F-4166-8106-054683170E59}.Release|Any CPU.Build.0 = Release|Any CPU
		{44DB85AF-228F-4166-8106-054683170E59}.Release|x64.ActiveCfg = Release|Any CPU
		{44DB85AF-228F-4166-8106-054683170E59}.Release|x64.Build.0 = Release|Any CPU
		{0F26E224-D59F-4587-A20F-C2DC4D2B7EFC}.Debug|Any CPU.ActiveCfg = Debug|Any CPU
		{0F26E224-D59F-4587-A20F-C2DC4D2B7EFC}.Debug|Any CPU.Build.0 = Debug|Any CPU
		{0F26E224-D59F-4587-A20F-C2DC4D2B7EFC}.Debug|x64.ActiveCfg = Debug|Any CPU
		{0F26E224-D59F-4587-A20F-C2DC4D2B7EFC}.Debug|x64.Build.0 = Debug|Any CPU
		{0F26E224-D59F-4587-A20F-C2DC4D2B7EFC}.Release|Any CPU.ActiveCfg = Release|Any CPU
		{0F26E224-D59F-4587-A20F-C2DC4D2B7EFC}.Release|Any CPU.Build.0 = Release|Any CPU
		{0F26E224-D59F-4587-A20F-C2DC4D2B7EFC}.Release|x64.ActiveCfg = Release|Any CPU
		{0F26E224-D59F-4587-A20F-C2DC4D2B7EFC}.Release|x64.Build.0 = Release|Any CPU
		{09C509E1-EC4F-438A-8FA3-C4838E16F512}.Debug|Any CPU.ActiveCfg = Debug|Any CPU
		{09C509E1-EC4F-438A-8FA3-C4838E16F512}.Debug|x64.ActiveCfg = Debug|Any CPU
		{09C509E1-EC4F-438A-8FA3-C4838E16F512}.Debug|x64.Build.0 = Debug|Any CPU
		{09C509E1-EC4F-438A-8FA3-C4838E16F512}.Release|Any CPU.ActiveCfg = Release|Any CPU
		{09C509E1-EC4F-438A-8FA3-C4838E16F512}.Release|Any CPU.Build.0 = Release|Any CPU
		{09C509E1-EC4F-438A-8FA3-C4838E16F512}.Release|x64.ActiveCfg = Release|Any CPU
		{09C509E1-EC4F-438A-8FA3-C4838E16F512}.Release|x64.Build.0 = Release|Any CPU
		{0FF80265-86BD-47DE-A06B-A6D564ED0F2D}.Debug|Any CPU.ActiveCfg = Debug|Any CPU
		{0FF80265-86BD-47DE-A06B-A6D564ED0F2D}.Debug|Any CPU.Build.0 = Debug|Any CPU
		{0FF80265-86BD-47DE-A06B-A6D564ED0F2D}.Debug|x64.ActiveCfg = Debug|Any CPU
		{0FF80265-86BD-47DE-A06B-A6D564ED0F2D}.Debug|x64.Build.0 = Debug|Any CPU
		{0FF80265-86BD-47DE-A06B-A6D564ED0F2D}.Release|Any CPU.ActiveCfg = Release|Any CPU
		{0FF80265-86BD-47DE-A06B-A6D564ED0F2D}.Release|Any CPU.Build.0 = Release|Any CPU
		{0FF80265-86BD-47DE-A06B-A6D564ED0F2D}.Release|x64.ActiveCfg = Release|Any CPU
		{0FF80265-86BD-47DE-A06B-A6D564ED0F2D}.Release|x64.Build.0 = Release|Any CPU
		{179DE22C-DC55-4946-90F8-B9EC284F3CB9}.Debug|Any CPU.ActiveCfg = Debug|Any CPU
		{179DE22C-DC55-4946-90F8-B9EC284F3CB9}.Debug|Any CPU.Build.0 = Debug|Any CPU
		{179DE22C-DC55-4946-90F8-B9EC284F3CB9}.Debug|x64.ActiveCfg = Debug|Any CPU
		{179DE22C-DC55-4946-90F8-B9EC284F3CB9}.Debug|x64.Build.0 = Debug|Any CPU
		{179DE22C-DC55-4946-90F8-B9EC284F3CB9}.Release|Any CPU.ActiveCfg = Release|Any CPU
		{179DE22C-DC55-4946-90F8-B9EC284F3CB9}.Release|Any CPU.Build.0 = Release|Any CPU
		{179DE22C-DC55-4946-90F8-B9EC284F3CB9}.Release|x64.ActiveCfg = Release|Any CPU
		{179DE22C-DC55-4946-90F8-B9EC284F3CB9}.Release|x64.Build.0 = Release|Any CPU
	EndGlobalSection
	GlobalSection(SolutionProperties) = preSolution
		HideSolutionNode = FALSE
	EndGlobalSection
	GlobalSection(ExtensibilityGlobals) = postSolution
		SolutionGuid = {4CA860E6-A2B2-4EB8-AC89-5BA33B5C800D}
	EndGlobalSection
EndGlobal
